
Microsoft Visual Studio Solution File, Format Version 12.00
# Visual Studio Version 17
VisualStudioVersion = 17.8.34511.84
MinimumVisualStudioVersion = 10.0.40219.1
Project("{FAE04EC0-301F-11D3-BF4B-00C04F79EFBC}") = "JiraToMoco", "JiraToMoco\JiraToMoco.csproj", "{97A06F8C-2387-4964-A379-6FFE86017856}"
EndProject
Global
	GlobalSection(SolutionConfigurationPlatforms) = preSolution
		Debug|Any CPU = Debug|Any CPU
		Release|Any CPU = Release|Any CPU
	EndGlobalSection
	GlobalSection(ProjectConfigurationPlatforms) = postSolution
		{97A06F8C-2387-4964-A379-6FFE86017856}.Debug|Any CPU.ActiveCfg = Debug|Any CPU
		{97A06F8C-2387-4964-A379-6FFE86017856}.Debug|Any CPU.Build.0 = Debug|Any CPU
		{97A06F8C-2387-4964-A379-6FFE86017856}.Release|Any CPU.ActiveCfg = Release|Any CPU
		{97A06F8C-2387-4964-A379-6FFE86017856}.Release|Any CPU.Build.0 = Release|Any CPU
	EndGlobalSection
	GlobalSection(SolutionProperties) = preSolution
		HideSolutionNode = FALSE
	EndGlobalSection
	GlobalSection(ExtensibilityGlobals) = postSolution
		SolutionGuid = {FE5E1893-D984-4C2A-938C-D5D10F153C38}
	EndGlobalSection
EndGlobal
